
Microsoft Visual Studio Solution File, Format Version 12.00
# Visual Studio Version 16
VisualStudioVersion = 16.0.32126.315
MinimumVisualStudioVersion = 10.0.40219.1
Project("{FAE04EC0-301F-11D3-BF4B-00C04F79EFBC}") = "AzureHubDemoVS2019", "AzureHubDemoVS2019.csproj", "{DE66601B-2606-4D98-840A-8A467C875721}"
EndProject
Global
	GlobalSection(SolutionConfigurationPlatforms) = preSolution
		Debug|Any CPU = Debug|Any CPU
		Release|Any CPU = Release|Any CPU
	EndGlobalSection
	GlobalSection(ProjectConfigurationPlatforms) = postSolution
		{DE66601B-2606-4D98-840A-8A467C875721}.Debug|Any CPU.ActiveCfg = Debug|Any CPU
		{DE66601B-2606-4D98-840A-8A467C875721}.Debug|Any CPU.Build.0 = Debug|Any CPU
		{DE66601B-2606-4D98-840A-8A467C875721}.Release|Any CPU.ActiveCfg = Release|Any CPU
		{DE66601B-2606-4D98-840A-8A467C875721}.Release|Any CPU.Build.0 = Release|Any CPU
	EndGlobalSection
	GlobalSection(SolutionProperties) = preSolution
		HideSolutionNode = FALSE
	EndGlobalSection
	GlobalSection(ExtensibilityGlobals) = postSolution
		SolutionGuid = {23EA2150-712E-4EF8-B734-B4FDEE5AA78D}
	EndGlobalSection
EndGlobal
